<?xml version="1.0" encoding="utf-8"?>
<Project ToolsVersion="4.0" xmlns="http://schemas.microsoft.com/developer/msbuild/2003">
  <ItemGroup>
    <Filter Include="源文件">
      <UniqueIdentifier>{4FC737F1-C7A5-4376-A066-2A32D752A2FF}</UniqueIdentifier>
      <Extensions>cpp;c;cc;cxx;c++;cppm;ixx;def;odl;idl;hpj;bat;asm;asmx</Extensions>
    </Filter>
    <Filter Include="头文件">
      <UniqueIdentifier>{93995380-89BD-4b04-88EB-625FBE52EBFB}</UniqueIdentifier>
      <Extensions>h;hh;hpp;hxx;h++;hm;inl;inc;ipp;xsd</Extensions>
    </Filter>
    <Filter Include="资源文件">
      <UniqueIdentifier>{67DA6AB6-F800-4c08-8B7A-83BB121AAD01}</UniqueIdentifier>
      <Extensions>rc;ico;cur;bmp;dlg;rc2;rct;bin;rgs;gif;jpg;jpeg;jpe;resx;tiff;tif;png;wav;mfcribbon-ms</Extensions>
    </Filter>
    <Filter Include="头文件\character">
      <UniqueIdentifier>{5d78529a-fd58-4430-b855-5b0456021e79}</UniqueIdentifier>
    </Filter>
    <Filter Include="头文件\outfits">
      <UniqueIdentifier>{2d9aa7d3-ac9d-4262-b7b4-801712702bd5}</UniqueIdentifier>
    </Filter>
  </ItemGroup>
  <ItemGroup>
    <ClCompile Include="random.cpp">
      <Filter>源文件</Filter>
    </ClCompile>
  </ItemGroup>
  <ItemGroup>
    <ClInclude Include="random.h">
      <Filter>头文件</Filter>
    </ClInclude>
    <ClInclude Include="tools.h">
      <Filter>头文件</Filter>
    </ClInclude>
    <ClInclude Include="Hu_Tao.h">
      <Filter>头文件\character</Filter>
    </ClInclude>
    <ClInclude Include="Yoimiya.h">
      <Filter>头文件\character</Filter>
    </ClInclude>
    <ClInclude Include="Yae_Miko.h">
      <Filter>头文件\character</Filter>
    </ClInclude>
    <ClInclude Include="Nahida.h">
      <Filter>头文件\character</Filter>
    </ClInclude>
    <ClInclude Include="Kokomi.h">
      <Filter>头文件\character</Filter>
    </ClInclude>
    <ClInclude Include="Catalyst.h">
      <Filter>头文件\outfits</Filter>
    </ClInclude>
    <ClInclude Include="Artifacts.h">
      <Filter>头文件\outfits</Filter>
    </ClInclude>
    <ClInclude Include="Polearm.h">
      <Filter>头文件\outfits</Filter>
    </ClInclude>
    <ClInclude Include="Elemental_Resonance.h">
      <Filter>头文件\outfits</Filter>
    </ClInclude>
    <ClInclude Include="Bow.h">
      <Filter>头文件\outfits</Filter>
    </ClInclude>
    <ClInclude Include="Bloom.h">
      <Filter>头文件\character</Filter>
    </ClInclude>
    <ClInclude Include="buff.h">
      <Filter>头文件\character</Filter>
    </ClInclude>
    <ClInclude Include="ddB.h">
      <Filter>头文件</Filter>
    </ClInclude>
    <ClInclude Include="Ayaka.h">
      <Filter>头文件\character</Filter>
    </ClInclude>
    <ClInclude Include="Sword.h">
      <Filter>头文件\outfits</Filter>
    </ClInclude>
    <ClInclude Include="Gan_Yu.h">
      <Filter>头文件\character</Filter>
    </ClInclude>
  </ItemGroup>
</Project>